// !$*UTF8*$!
{
	archiveVersion = 1;
	classes = {
	};
	objectVersion = 46;
	objects = {

/* Begin PBXBuildFile section */
		471D67181E363C4500353048 /* TimeValueChangeStepperObject.m in Sources */ = {isa = PBXBuildFile; fileRef = 471D67171E363C4500353048 /* TimeValueChangeStepperObject.m */; };
		478E187E1E2643B500DCA725 /* PCXMLGen.m in Sources */ = {isa = PBXBuildFile; fileRef = 478E187D1E2643B500DCA725 /* PCXMLGen.m */; };
		478E18811E2E40A100DCA725 /* FileHelper.m in Sources */ = {isa = PBXBuildFile; fileRef = 478E18801E2E40A100DCA725 /* FileHelper.m */; };
		47C427881DE1E5E00027180A /* AppDelegate.m in Sources */ = {isa = PBXBuildFile; fileRef = 47C427871DE1E5E00027180A /* AppDelegate.m */; };
		47C4278B1DE1E5E00027180A /* main.m in Sources */ = {isa = PBXBuildFile; fileRef = 47C4278A1DE1E5E00027180A /* main.m */; };
		47C427901DE1E5E00027180A /* Assets.xcassets in Resources */ = {isa = PBXBuildFile; fileRef = 47C4278F1DE1E5E00027180A /* Assets.xcassets */; };
		47C427931DE1E5E00027180A /* Main.storyboard in Resources */ = {isa = PBXBuildFile; fileRef = 47C427911DE1E5E00027180A /* Main.storyboard */; };
		47C4279C1DFC4F0C0027180A /* MainViewController.m in Sources */ = {isa = PBXBuildFile; fileRef = 47C4279B1DFC4F0C0027180A /* MainViewController.m */; };
		47C4279F1DFC503B0027180A /* PreferenceViewController.m in Sources */ = {isa = PBXBuildFile; fileRef = 47C4279E1DFC503B0027180A /* PreferenceViewController.m */; };
		47C7B2F71EA070F300A05775 /* categories.json in Resources */ = {isa = PBXBuildFile; fileRef = 47C7B2F61EA070F300A05775 /* categories.json */; };
/* End PBXBuildFile section */

/* Begin PBXFileReference section */
		471D67161E363C4500353048 /* TimeValueChangeStepperObject.h */ = {isa = PBXFileReference; fileEncoding = 4; lastKnownFileType = sourcecode.c.h; path = TimeValueChangeStepperObject.h; sourceTree = "<group>"; };
		471D67171E363C4500353048 /* TimeValueChangeStepperObject.m */ = {isa = PBXFileReference; fileEncoding = 4; lastKnownFileType = sourcecode.c.objc; path = TimeValueChangeStepperObject.m; sourceTree = "<group>"; };
		478E187C1E2643B500DCA725 /* PCXMLGen.h */ = {isa = PBXFileReference; fileEncoding = 4; lastKnownFileType = sourcecode.c.h; path = PCXMLGen.h; sourceTree = "<group>"; };
		478E187D1E2643B500DCA725 /* PCXMLGen.m */ = {isa = PBXFileReference; fileEncoding = 4; lastKnownFileType = sourcecode.c.objc; path = PCXMLGen.m; sourceTree = "<group>"; };
		478E187F1E2E40A100DCA725 /* FileHelper.h */ = {isa = PBXFileReference; fileEncoding = 4; lastKnownFileType = sourcecode.c.h; path = FileHelper.h; sourceTree = "<group>"; };
		478E18801E2E40A100DCA725 /* FileHelper.m */ = {isa = PBXFileReference; fileEncoding = 4; lastKnownFileType = sourcecode.c.objc; path = FileHelper.m; sourceTree = "<group>"; };
		47C427831DE1E5E00027180A /* PodcastGenerator.app */ = {isa = PBXFileReference; explicitFileType = wrapper.application; includeInIndex = 0; path = PodcastGenerator.app; sourceTree = BUILT_PRODUCTS_DIR; };
		47C427861DE1E5E00027180A /* AppDelegate.h */ = {isa = PBXFileReference; lastKnownFileType = sourcecode.c.h; path = AppDelegate.h; sourceTree = "<group>"; };
		47C427871DE1E5E00027180A /* AppDelegate.m */ = {isa = PBXFileReference; lastKnownFileType = sourcecode.c.objc; path = AppDelegate.m; sourceTree = "<group>"; };
		47C4278A1DE1E5E00027180A /* main.m */ = {isa = PBXFileReference; lastKnownFileType = sourcecode.c.objc; path = main.m; sourceTree = "<group>"; };
		47C4278F1DE1E5E00027180A /* Assets.xcassets */ = {isa = PBXFileReference; lastKnownFileType = folder.assetcatalog; path = Assets.xcassets; sourceTree = "<group>"; };
		47C427921DE1E5E00027180A /* Base */ = {isa = PBXFileReference; lastKnownFileType = file.storyboard; name = Base; path = Base.lproj/Main.storyboard; sourceTree = "<group>"; };
		47C427941DE1E5E00027180A /* Info.plist */ = {isa = PBXFileReference; lastKnownFileType = text.plist.xml; path = Info.plist; sourceTree = "<group>"; };
		47C4279A1DFC4F0C0027180A /* MainViewController.h */ = {isa = PBXFileReference; fileEncoding = 4; lastKnownFileType = sourcecode.c.h; path = MainViewController.h; sourceTree = "<group>"; };
		47C4279B1DFC4F0C0027180A /* MainViewController.m */ = {isa = PBXFileReference; fileEncoding = 4; lastKnownFileType = sourcecode.c.objc; path = MainViewController.m; sourceTree = "<group>"; };
		47C4279D1DFC503B0027180A /* PreferenceViewController.h */ = {isa = PBXFileReference; fileEncoding = 4; lastKnownFileType = sourcecode.c.h; path = PreferenceViewController.h; sourceTree = "<group>"; };
		47C4279E1DFC503B0027180A /* PreferenceViewController.m */ = {isa = PBXFileReference; fileEncoding = 4; lastKnownFileType = sourcecode.c.objc; path = PreferenceViewController.m; sourceTree = "<group>"; };
		47C7B2F61EA070F300A05775 /* categories.json */ = {isa = PBXFileReference; fileEncoding = 4; lastKnownFileType = text.json; name = categories.json; path = "../../../../Downloads/4fbec43bcffd783060de-d8428f18604cb94dc71b3a5133ad4da3fb01dbd5/categories.json"; sourceTree = "<group>"; };
/* End PBXFileReference section */

/* Begin PBXFrameworksBuildPhase section */
		47C427801DE1E5E00027180A /* Frameworks */ = {
			isa = PBXFrameworksBuildPhase;
			buildActionMask = 2147483647;
			files = (
			);
			runOnlyForDeploymentPostprocessing = 0;
		};
/* End PBXFrameworksBuildPhase section */

/* Begin PBXGroup section */
		47C4277A1DE1E5E00027180A = {
			isa = PBXGroup;
			children = (
				47C427851DE1E5E00027180A /* PodcastGenerator */,
				47C427841DE1E5E00027180A /* Products */,
			);
			sourceTree = "<group>";
		};
		47C427841DE1E5E00027180A /* Products */ = {
			isa = PBXGroup;
			children = (
				47C427831DE1E5E00027180A /* PodcastGenerator.app */,
			);
			name = Products;
			sourceTree = "<group>";
		};
		47C427851DE1E5E00027180A /* PodcastGenerator */ = {
			isa = PBXGroup;
			children = (
				47C427861DE1E5E00027180A /* AppDelegate.h */,
				47C427871DE1E5E00027180A /* AppDelegate.m */,
				47C4279A1DFC4F0C0027180A /* MainViewController.h */,
				47C4279B1DFC4F0C0027180A /* MainViewController.m */,
				47C4279D1DFC503B0027180A /* PreferenceViewController.h */,
				47C4279E1DFC503B0027180A /* PreferenceViewController.m */,
				478E187C1E2643B500DCA725 /* PCXMLGen.h */,
				478E187D1E2643B500DCA725 /* PCXMLGen.m */,
				478E187F1E2E40A100DCA725 /* FileHelper.h */,
				478E18801E2E40A100DCA725 /* FileHelper.m */,
				471D67161E363C4500353048 /* TimeValueChangeStepperObject.h */,
				471D67171E363C4500353048 /* TimeValueChangeStepperObject.m */,
				47C4278F1DE1E5E00027180A /* Assets.xcassets */,
				47C427911DE1E5E00027180A /* Main.storyboard */,
				47C427941DE1E5E00027180A /* Info.plist */,
				47C7B2F61EA070F300A05775 /* categories.json */,
				47C427891DE1E5E00027180A /* Supporting Files */,
			);
			path = PodcastGenerator;
			sourceTree = "<group>";
		};
		47C427891DE1E5E00027180A /* Supporting Files */ = {
			isa = PBXGroup;
			children = (
				47C4278A1DE1E5E00027180A /* main.m */,
			);
			name = "Supporting Files";
			sourceTree = "<group>";
		};
/* End PBXGroup section */

/* Begin PBXNativeTarget section */
		47C427821DE1E5E00027180A /* PodcastGenerator */ = {
			isa = PBXNativeTarget;
			buildConfigurationList = 47C427971DE1E5E00027180A /* Build configuration list for PBXNativeTarget "PodcastGenerator" */;
			buildPhases = (
				47C4277F1DE1E5E00027180A /* Sources */,
				47C427801DE1E5E00027180A /* Frameworks */,
				47C427811DE1E5E00027180A /* Resources */,
			);
			buildRules = (
			);
			dependencies = (
			);
			name = PodcastGenerator;
			productName = PodcastGenerator;
			productReference = 47C427831DE1E5E00027180A /* PodcastGenerator.app */;
			productType = "com.apple.product-type.application";
		};
/* End PBXNativeTarget section */

/* Begin PBXProject section */
		47C4277B1DE1E5E00027180A /* Project object */ = {
			isa = PBXProject;
			attributes = {
				LastUpgradeCheck = 0810;
				ORGANIZATIONNAME = "HT&L";
				TargetAttributes = {
					47C427821DE1E5E00027180A = {
						CreatedOnToolsVersion = 8.1;
						DevelopmentTeam = HR66SGQEZ4;
						ProvisioningStyle = Automatic;
					};
				};
			};
			buildConfigurationList = 47C4277E1DE1E5E00027180A /* Build configuration list for PBXProject "PodcastGenerator" */;
			compatibilityVersion = "Xcode 3.2";
			developmentRegion = English;
			hasScannedForEncodings = 0;
			knownRegions = (
				en,
				Base,
			);
			mainGroup = 47C4277A1DE1E5E00027180A;
			productRefGroup = 47C427841DE1E5E00027180A /* Products */;
			projectDirPath = "";
			projectRoot = "";
			targets = (
				47C427821DE1E5E00027180A /* PodcastGenerator */,
			);
		};
/* End PBXProject section */

/* Begin PBXResourcesBuildPhase section */
		47C427811DE1E5E00027180A /* Resources */ = {
			isa = PBXResourcesBuildPhase;
			buildActionMask = 2147483647;
			files = (
				47C427901DE1E5E00027180A /* Assets.xcassets in Resources */,
				47C7B2F71EA070F300A05775 /* categories.json in Resources */,
				47C427931DE1E5E00027180A /* Main.storyboard in Resources */,
			);
			runOnlyForDeploymentPostprocessing = 0;
		};
/* End PBXResourcesBuildPhase section */

/* Begin PBXSourcesBuildPhase section */
		47C4277F1DE1E5E00027180A /* Sources */ = {
			isa = PBXSourcesBuildPhase;
			buildActionMask = 2147483647;
			files = (
				47C4278B1DE1E5E00027180A /* main.m in Sources */,
				478E187E1E2643B500DCA725 /* PCXMLGen.m in Sources */,
				47C4279C1DFC4F0C0027180A /* MainViewController.m in Sources */,
				47C427881DE1E5E00027180A /* AppDelegate.m in Sources */,
				471D67181E363C4500353048 /* TimeValueChangeStepperObject.m in Sources */,
				47C4279F1DFC503B0027180A /* PreferenceViewController.m in Sources */,
				478E18811E2E40A100DCA725 /* FileHelper.m in Sources */,
			);
			runOnlyForDeploymentPostprocessing = 0;
		};
/* End PBXSourcesBuildPhase section */

/* Begin PBXVariantGroup section */
		47C427911DE1E5E00027180A /* Main.storyboard */ = {
			isa = PBXVariantGroup;
			children = (
				47C427921DE1E5E00027180A /* Base */,
			);
			name = Main.storyboard;
			sourceTree = "<group>";
		};
/* End PBXVariantGroup section */

/* Begin XCBuildConfiguration section */
		47C427951DE1E5E00027180A /* Debug */ = {
			isa = XCBuildConfiguration;
			buildSettings = {
				ALWAYS_SEARCH_USER_PATHS = NO;
				CLANG_ANALYZER_NONNULL = YES;
				CLANG_CXX_LANGUAGE_STANDARD = "gnu++0x";
				CLANG_CXX_LIBRARY = "libc++";
				CLANG_ENABLE_MODULES = YES;
				CLANG_ENABLE_OBJC_ARC = YES;
				CLANG_WARN_BOOL_CONVERSION = YES;
				CLANG_WARN_CONSTANT_CONVERSION = YES;
				CLANG_WARN_DIRECT_OBJC_ISA_USAGE = YES_ERROR;
				CLANG_WARN_DOCUMENTATION_COMMENTS = YES;
				CLANG_WARN_EMPTY_BODY = YES;
				CLANG_WARN_ENUM_CONVERSION = YES;
				CLANG_WARN_INFINITE_RECURSION = YES;
				CLANG_WARN_INT_CONVERSION = YES;
				CLANG_WARN_OBJC_ROOT_CLASS = YES_ERROR;
				CLANG_WARN_SUSPICIOUS_MOVES = YES;
				CLANG_WARN_UNREACHABLE_CODE = YES;
				CLANG_WARN__DUPLICATE_METHOD_MATCH = YES;
				CODE_SIGN_IDENTITY = "-";
				COPY_PHASE_STRIP = NO;
				DEBUG_INFORMATION_FORMAT = dwarf;
				ENABLE_STRICT_OBJC_MSGSEND = YES;
				ENABLE_TESTABILITY = YES;
				GCC_C_LANGUAGE_STANDARD = gnu99;
				GCC_DYNAMIC_NO_PIC = NO;
				GCC_NO_COMMON_BLOCKS = YES;
				GCC_OPTIMIZATION_LEVEL = 0;
				GCC_PREPROCESSOR_DEFINITIONS = (
					"DEBUG=1",
					"$(inherited)",
				);
				GCC_WARN_64_TO_32_BIT_CONVERSION = YES;
				GCC_WARN_ABOUT_RETURN_TYPE = YES_ERROR;
				GCC_WARN_UNDECLARED_SELECTOR = YES;
				GCC_WARN_UNINITIALIZED_AUTOS = YES_AGGRESSIVE;
				GCC_WARN_UNUSED_FUNCTION = YES;
				GCC_WARN_UNUSED_VARIABLE = YES;
				MACOSX_DEPLOYMENT_TARGET = 10.12;
				MTL_ENABLE_DEBUG_INFO = YES;
				ONLY_ACTIVE_ARCH = YES;
				SDKROOT = macosx;
			};
			name = Debug;
		};
		47C427961DE1E5E00027180A /* Release */ = {
			isa = XCBuildConfiguration;
			buildSettings = {
				ALWAYS_SEARCH_USER_PATHS = NO;
				CLANG_ANALYZER_NONNULL = YES;
				CLANG_CXX_LANGUAGE_STANDARD = "gnu++0x";
				CLANG_CXX_LIBRARY = "libc++";
				CLANG_ENABLE_MODULES = YES;
				CLANG_ENABLE_OBJC_ARC = YES;
				CLANG_WARN_BOOL_CONVERSION = YES;
				CLANG_WARN_CONSTANT_CONVERSION = YES;
				CLANG_WARN_DIRECT_OBJC_ISA_USAGE = YES_ERROR;
				CLANG_WARN_DOCUMENTATION_COMMENTS = YES;
				CLANG_WARN_EMPTY_BODY = YES;
				CLANG_WARN_ENUM_CONVERSION = YES;
				CLANG_WARN_INFINITE_RECURSION = YES;
				CLANG_WARN_INT_CONVERSION = YES;
				CLANG_WARN_OBJC_ROOT_CLASS = YES_ERROR;
				CLANG_WARN_SUSPICIOUS_MOVES = YES;
				CLANG_WARN_UNREACHABLE_CODE = YES;
				CLANG_WARN__DUPLICATE_METHOD_MATCH = YES;
				CODE_SIGN_IDENTITY = "-";
				COPY_PHASE_STRIP = NO;
				DEBUG_INFORMATION_FORMAT = "dwarf-with-dsym";
				ENABLE_NS_ASSERTIONS = NO;
				ENABLE_STRICT_OBJC_MSGSEND = YES;
				GCC_C_LANGUAGE_STANDARD = gnu99;
				GCC_NO_COMMON_BLOCKS = YES;
				GCC_WARN_64_TO_32_BIT_CONVERSION = YES;
				GCC_WARN_ABOUT_RETURN_TYPE = YES_ERROR;
				GCC_WARN_UNDECLARED_SELECTOR = YES;
				GCC_WARN_UNINITIALIZED_AUTOS = YES_AGGRESSIVE;
				GCC_WARN_UNUSED_FUNCTION = YES;
				GCC_WARN_UNUSED_VARIABLE = YES;
				MACOSX_DEPLOYMENT_TARGET = 10.12;
				MTL_ENABLE_DEBUG_INFO = NO;
				SDKROOT = macosx;
			};
			name = Release;
		};
		47C427981DE1E5E00027180A /* Debug */ = {
			isa = XCBuildConfiguration;
			buildSettings = {
				ASSETCATALOG_COMPILER_APPICON_NAME = AppIcon;
				CODE_SIGN_IDENTITY = "Mac Developer";
				COMBINE_HIDPI_IMAGES = YES;
				DEVELOPMENT_TEAM = HR66SGQEZ4;
				INFOPLIST_FILE = PodcastGenerator/Info.plist;
				LD_RUNPATH_SEARCH_PATHS = "$(inherited) @executable_path/../Frameworks";
				PRODUCT_BUNDLE_IDENTIFIER = com.HTandL.PodcastGenerator;
				PRODUCT_NAME = "$(TARGET_NAME)";
			};
			name = Debug;
		};
		47C427991DE1E5E00027180A /* Release */ = {
			isa = XCBuildConfiguration;
			buildSettings = {
				ASSETCATALOG_COMPILER_APPICON_NAME = AppIcon;
				CODE_SIGN_IDENTITY = "Mac Developer";
				COMBINE_HIDPI_IMAGES = YES;
				DEVELOPMENT_TEAM = HR66SGQEZ4;
				INFOPLIST_FILE = PodcastGenerator/Info.plist;
				LD_RUNPATH_SEARCH_PATHS = "$(inherited) @executable_path/../Frameworks";
				PRODUCT_BUNDLE_IDENTIFIER = com.HTandL.PodcastGenerator;
				PRODUCT_NAME = "$(TARGET_NAME)";
			};
			name = Release;
		};
/* End XCBuildConfiguration section */

/* Begin XCConfigurationList section */
		47C4277E1DE1E5E00027180A /* Build configuration list for PBXProject "PodcastGenerator" */ = {
			isa = XCConfigurationList;
			buildConfigurations = (
				47C427951DE1E5E00027180A /* Debug */,
				47C427961DE1E5E00027180A /* Release */,
			);
			defaultConfigurationIsVisible = 0;
			defaultConfigurationName = Release;
		};
		47C427971DE1E5E00027180A /* Build configuration list for PBXNativeTarget "PodcastGenerator" */ = {
			isa = XCConfigurationList;
			buildConfigurations = (
				47C427981DE1E5E00027180A /* Debug */,
				47C427991DE1E5E00027180A /* Release */,
			);
			defaultConfigurationIsVisible = 0;
			defaultConfigurationName = Release;
		};
/* End XCConfigurationList section */
	};
	rootObject = 47C4277B1DE1E5E00027180A /* Project object */;
}
